{
  "nodes": {
    "home-manager": {
      "inputs": {
        "nixpkgs": "nixpkgs"
      },
      "locked": {
        "lastModified": 1608969323,
        "narHash": "sha256-qhRvX4Z2CB8Qp4EUFRh1KLiyIwsM3njpJG43CsbNAkY=",
        "owner": "nix-community",
        "repo": "home-manager",
        "rev": "bcbf09a2021712a501681fa984f659fddad3c2e8",
        "type": "github"
      },
      "original": {
        "owner": "nix-community",
        "repo": "home-manager",
        "type": "github"
      }
    },
    "nixpkgs": {
      "locked": {
        "lastModified": 1609019076,
        "narHash": "sha256-N/Op/JFNckjXr5/xRidYoQF1ShcRzBmre1Jgrt0OmfE=",
        "owner": "NixOS",
        "repo": "nixpkgs",
        "rev": "4bc2573a15cf595867fb8b6b9f6db5a4774a4910",
        "type": "github"
      },
      "original": {
        "id": "nixpkgs",
        "type": "indirect"
      }
    },
    "nixpkgs_2": {
      "locked": {
        "lastModified": 1609079092,
        "narHash": "sha256-KhyKfxBHtZlAgudpZ0EJVzeuqROjKfVOwj8j0cuhU50=",
        "owner": "nixos",
        "repo": "nixpkgs",
        "rev": "2f47650c2f28d87f86ab807b8a339c684d91ec56",
        "type": "github"
      },
      "original": {
        "owner": "nixos",
        "ref": "nixos-unstable",
        "repo": "nixpkgs",
        "type": "github"
      }
    },
    "root": {
      "inputs": {
        "home-manager": "home-manager",
        "nixpkgs": "nixpkgs_2"
      }
    }
  },
  "root": "root",
  "version": 7
}
