{
  "nodes": {
    "home-manager": {
      "inputs": {
        "nixpkgs": "nixpkgs"
      },
      "locked": {
        "lastModified": 1611081391,
        "narHash": "sha256-qWkBVbZ8lx9ssoLMjqjVF+LXuxoLrVmCRoPPKdLQ68s=",
        "owner": "nix-community",
        "repo": "home-manager",
        "rev": "3fe2a57b95333659e2ecdeeca3f4009bcf3b30cf",
        "type": "github"
      },
      "original": {
        "owner": "nix-community",
        "repo": "home-manager",
        "type": "github"
      }
    },
    "nixpkgs": {
      "locked": {
        "lastModified": 1611080469,
        "narHash": "sha256-B2orV4Eig6vsl62wza/3RN47mcOTNmVeN15fl1ZGdds=",
        "owner": "NixOS",
        "repo": "nixpkgs",
        "rev": "d1bfbb992db2ca20e5fc804ecdc174a419baa590",
        "type": "github"
      },
      "original": {
        "id": "nixpkgs",
        "type": "indirect"
      }
    },
    "nixpkgs_2": {
      "locked": {
        "lastModified": 1610842533,
        "narHash": "sha256-6hW8CML8RnNrRJMv7E56rXAhsCNgUM97HIVSqWxnO64=",
        "owner": "nixos",
        "repo": "nixpkgs",
        "rev": "68398d2dd50efc2d878bf0f83bbc8bc323b6b0e0",
        "type": "github"
      },
      "original": {
        "owner": "nixos",
        "ref": "nixos-unstable",
        "repo": "nixpkgs",
        "type": "github"
      }
    },
    "root": {
      "inputs": {
        "home-manager": "home-manager",
        "nixpkgs": "nixpkgs_2"
      }
    }
  },
  "root": "root",
  "version": 7
}
