{
  "nodes": {
    "home-manager": {
      "inputs": {
        "nixpkgs": "nixpkgs"
      },
      "locked": {
        "lastModified": 1609426169,
        "narHash": "sha256-JK3P0uxgzuNr0AnrL4KRsR76h5T2TPIs0MpLuOyG0TQ=",
        "owner": "nix-community",
        "repo": "home-manager",
        "rev": "f6fd7e3fa4fac876f02309b780492f9f2d58093a",
        "type": "github"
      },
      "original": {
        "owner": "nix-community",
        "repo": "home-manager",
        "type": "github"
      }
    },
    "nixpkgs": {
      "locked": {
        "lastModified": 1609428176,
        "narHash": "sha256-vebUmEQfTW2laoMaV+dcSHvPgUg1j2hPI+JBGpslV1Q=",
        "owner": "NixOS",
        "repo": "nixpkgs",
        "rev": "d5a113804972fec237c993a0aa79e53aa2041c7a",
        "type": "github"
      },
      "original": {
        "id": "nixpkgs",
        "type": "indirect"
      }
    },
    "nixpkgs_2": {
      "locked": {
        "lastModified": 1609079092,
        "narHash": "sha256-KhyKfxBHtZlAgudpZ0EJVzeuqROjKfVOwj8j0cuhU50=",
        "owner": "nixos",
        "repo": "nixpkgs",
        "rev": "2f47650c2f28d87f86ab807b8a339c684d91ec56",
        "type": "github"
      },
      "original": {
        "owner": "nixos",
        "ref": "nixos-unstable",
        "repo": "nixpkgs",
        "type": "github"
      }
    },
    "root": {
      "inputs": {
        "home-manager": "home-manager",
        "nixpkgs": "nixpkgs_2"
      }
    }
  },
  "root": "root",
  "version": 7
}
